{
  "name": "v2.5.0",
  "version": "1.0.0",
  "lockfileVersion": 1,
  "requires": true,
  "dependencies": {
    "moment": {
      "version": "2.5.0",
      "resolved": "http://nexus:8081/repository/npm-group/moment/-/moment-2.5.0.tgz",
      "integrity": "sha1-5J8PJuO3TTvDVk6jF2+Z5vfzJFM="
    }
  }
}
