{
  "name": "v8.2.4",
  "version": "1.0.0",
  "lockfileVersion": 1,
  "requires": true,
  "dependencies": {
    "@hapi/hoek": {
      "version": "8.2.4",
      "resolved": "http://nexus:8081/repository/npm-group/@hapi/hoek/-/hoek-8.2.4.tgz",
      "integrity": "sha512-Ze5SDNt325yZvNO7s5C4fXDscjJ6dcqLFXJQ/M7dZRQCewuDj2iDUuBi6jLQt+APbW9RjjVEvLr35FXuOEqjow=="
    }
  }
}
