{
  "name": "v3.0.0",
  "version": "1.0.0",
  "lockfileVersion": 1,
  "requires": true,
  "dependencies": {
    "debug": {
      "version": "3.0.0",
      "resolved": "http://nexus:8081/repository/npm-group/debug/-/debug-3.0.0.tgz",
      "integrity": "sha512-XQkHxxqbsCb+zFurCHbotmJZl5jXsxvkRt952pT6Hpo7LmjWAJF12d9/kqBg5owjbLADbBDli1olravjSiSg8g==",
      "requires": {
        "ms": "2.0.0"
      }
    },
    "ms": {
      "version": "2.0.0",
      "resolved": "http://nexus:8081/repository/npm-group/ms/-/ms-2.0.0.tgz",
      "integrity": "sha1-VgiurfwAvmwpAd9fmGF4jeDVl8g="
    }
  }
}
