{
  "name": "v2.11.2",
  "version": "1.0.0",
  "lockfileVersion": 1,
  "requires": true,
  "dependencies": {
    "request": {
      "version": "2.11.2",
      "resolved": "http://nexus:8081/repository/npm-group/request/-/request-2.11.2.tgz",
      "integrity": "sha1-BwNA/HYosqjCO4wROVhU8vVGqzQ=",
      "requires": {
        "form-data": "~0.0.3",
        "mime": "~1.2.7"
      },
      "dependencies": {
        "form-data": {
          "version": "0.0.3",
          "bundled": true,
          "requires": {
            "async": "~0.1.9",
            "combined-stream": "0.0.3",
            "mime": "~1.2.2"
          },
          "dependencies": {
            "async": {
              "version": "0.1.9",
              "bundled": true
            },
            "combined-stream": {
              "version": "0.0.3",
              "bundled": true,
              "requires": {
                "delayed-stream": "0.0.5"
              },
              "dependencies": {
                "delayed-stream": {
                  "version": "0.0.5",
                  "bundled": true
                }
              }
            }
          }
        },
        "mime": {
          "version": "1.2.7",
          "bundled": true
        }
      }
    }
  }
}
