{
  "name": "v1.1.0",
  "version": "1.0.0",
  "lockfileVersion": 1,
  "requires": true,
  "dependencies": {
    "for-in": {
      "version": "1.0.2",
      "resolved": "http://nexus:8081/repository/npm-group/for-in/-/for-in-1.0.2.tgz",
      "integrity": "sha1-gQaNKVqBQuwKxybG4iAMMPttXoA="
    },
    "for-own": {
      "version": "0.1.5",
      "resolved": "http://nexus:8081/repository/npm-group/for-own/-/for-own-0.1.5.tgz",
      "integrity": "sha1-UmXGgaTylNq78XyVCbZ2OqhFEM4=",
      "requires": {
        "for-in": "^1.0.1"
      }
    },
    "is-plain-object": {
      "version": "https://registry.npmjs.org/is-plain-object/-/is-plain-object-2.0.0.tgz",
      "integrity": "sha512-HwcxEMZP726Fk8+02WDquQHSd95nifNqIvT23+FfQh4LxW+spxD/E+ZLe5GvyCsDEjc/sH/8kWNeeHfajlR+7Q==",
      "requires": {
        "isobject": "^0.2.0"
      }
    },
    "isobject": {
      "version": "0.2.0",
      "resolved": "http://nexus:8081/repository/npm-group/isobject/-/isobject-0.2.0.tgz",
      "integrity": "sha1-o0MhkvObkQtfAsyYlIeDbscKqF4="
    },
    "mixin-deep": {
      "version": "1.1.0",
      "resolved": "http://nexus:8081/repository/npm-group/mixin-deep/-/mixin-deep-1.1.0.tgz",
      "integrity": "sha1-xxcDMDvv2ypxHP5h5GEg9kPTJLI=",
      "requires": {
        "for-own": "^0.1.3",
        "is-plain-object": "https://registry.npmjs.org/is-plain-object/-/is-plain-object-2.0.0.tgz"
      }
    }
  }
}
