{
  "name": "v6.2.0",
  "version": "1.0.0",
  "lockfileVersion": 1,
  "requires": true,
  "dependencies": {
    "@hapi/hoek": {
      "version": "6.2.0",
      "resolved": "http://nexus:8081/repository/npm-group/@hapi/hoek/-/hoek-6.2.0.tgz",
      "integrity": "sha512-wrzOkl3WYlbIGhDLPf4dYHp2IACrqIbuteZPtdhUgjIxjwjPfavS1PBlmpg2cEss7bV9w/QdsY1cHj6GryDiXw=="
    }
  }
}
