{
  "name": "v0.1.3",
  "version": "1.0.0",
  "lockfileVersion": 1,
  "requires": true,
  "dependencies": {
    "array-slice": {
      "version": "0.2.3",
      "resolved": "http://nexus:8081/repository/npm-group/array-slice/-/array-slice-0.2.3.tgz",
      "integrity": "sha1-3Tz7gO15c6dRF82sabC5nshhhvU="
    },
    "clone-deep": {
      "version": "0.1.1",
      "resolved": "http://nexus:8081/repository/npm-group/clone-deep/-/clone-deep-0.1.1.tgz",
      "integrity": "sha1-3x1f9HWCeI6Lhimkyop/xPNPqMw=",
      "requires": {
        "for-own": "^0.1.1",
        "is-plain-object": "^0.1.0",
        "kind-of": "^0.1.0",
        "mixin-object": "^0.1.1"
      }
    },
    "for-in": {
      "version": "1.0.2",
      "resolved": "http://nexus:8081/repository/npm-group/for-in/-/for-in-1.0.2.tgz",
      "integrity": "sha1-gQaNKVqBQuwKxybG4iAMMPttXoA="
    },
    "for-own": {
      "version": "0.1.5",
      "resolved": "http://nexus:8081/repository/npm-group/for-own/-/for-own-0.1.5.tgz",
      "integrity": "sha1-UmXGgaTylNq78XyVCbZ2OqhFEM4=",
      "requires": {
        "for-in": "^1.0.1"
      }
    },
    "is-plain-object": {
      "version": "0.1.0",
      "resolved": "http://nexus:8081/repository/npm-group/is-plain-object/-/is-plain-object-0.1.0.tgz",
      "integrity": "sha1-PKfbAi3nL9EgB/GVe+tZ6llrl5w="
    },
    "kind-of": {
      "version": "0.1.2",
      "resolved": "http://nexus:8081/repository/npm-group/kind-of/-/kind-of-0.1.2.tgz",
      "integrity": "sha1-B71gHMlDP115vV7dIDHtFV8GBKQ="
    },
    "merge-deep": {
      "version": "0.1.3",
      "resolved": "http://nexus:8081/repository/npm-group/merge-deep/-/merge-deep-0.1.3.tgz",
      "integrity": "sha1-o0IvtMv21uAlL2cLPO0aFaYJXqs=",
      "requires": {
        "array-slice": "^0.2.2",
        "clone-deep": "^0.1.0",
        "is-plain-object": "^0.1.0"
      }
    },
    "mixin-object": {
      "version": "0.1.1",
      "resolved": "http://nexus:8081/repository/npm-group/mixin-object/-/mixin-object-0.1.1.tgz",
      "integrity": "sha1-GLSDQskJTotVWbT7Ilz6DAlZ+fI=",
      "requires": {
        "for-own": "^0.1.1"
      }
    }
  }
}
