{
  "name": "v0.6.0",
  "version": "1.0.0",
  "lockfileVersion": 1,
  "requires": true,
  "dependencies": {
    "object-path": {
      "version": "0.6.0",
      "resolved": "http://nexus:8081/repository/npm-group/object-path/-/object-path-0.6.0.tgz",
      "integrity": "sha1-tpp9EQk3k08zbKVh/ZvhrXt+DLc="
    }
  }
}
