{
  "name": "v0.3.1",
  "version": "1.0.0",
  "lockfileVersion": 1,
  "requires": true,
  "dependencies": {
    "deep-extend": {
      "version": "0.3.1",
      "resolved": "http://nexus:8081/repository/npm-group/deep-extend/-/deep-extend-0.3.1.tgz",
      "integrity": "sha1-roKhjtg8pOoAwyoF2Lbbo08MYOo="
    }
  }
}
