{
  "name": "v5.0.1",
  "version": "1.0.0",
  "lockfileVersion": 1,
  "requires": true,
  "dependencies": {
    "dot-prop": {
      "version": "5.0.1",
      "resolved": "http://nexus:8081/repository/npm-group/dot-prop/-/dot-prop-5.0.1.tgz",
      "integrity": "sha512-5BKAm3KC6kgHOm5WqekMXd0HHRhilE0aJzBuOqtrPo2RDS2FTaOeuF5CEsHvZ8ETfjC9N3BufL6sxEMV8w/IIA==",
      "requires": {
        "is-obj": "^1.0.0"
      }
    },
    "is-obj": {
      "version": "1.0.1",
      "resolved": "http://nexus:8081/repository/npm-group/is-obj/-/is-obj-1.0.1.tgz",
      "integrity": "sha1-PkcprB9f3gJc19g6iW2rn09n2w8="
    }
  }
}
