{
  "name": "v0.0.3",
  "version": "1.0.0",
  "lockfileVersion": 1,
  "requires": true,
  "dependencies": {
    "react": {
      "version": "0.0.3",
      "resolved": "http://nexus:8081/repository/npm-group/react/-/react-0.0.3.tgz",
      "integrity": "sha1-tIck1oBHoJq3JtBmtCkOU6fZSm0="
    }
  }
}
