{
  "name": "v2.6.0",
  "version": "1.0.0",
  "lockfileVersion": 1,
  "requires": true,
  "dependencies": {
    "debug": {
      "version": "2.6.0",
      "resolved": "http://nexus:8081/repository/npm-group/debug/-/debug-2.6.0.tgz",
      "integrity": "sha1-vFlryr52F/Edn6FTYe3tVgi4SZs=",
      "requires": {
        "ms": "0.7.2"
      }
    },
    "ms": {
      "version": "0.7.2",
      "resolved": "http://nexus:8081/repository/npm-group/ms/-/ms-0.7.2.tgz",
      "integrity": "sha1-riXPJRKziFodldfwN4aNhDESR2U="
    }
  }
}
