{
  "name": "v8.3.2",
  "version": "1.0.0",
  "lockfileVersion": 1,
  "requires": true,
  "dependencies": {
    "@hapi/hoek": {
      "version": "8.3.2",
      "resolved": "http://nexus:8081/repository/npm-group/@hapi/hoek/-/hoek-8.3.2.tgz",
      "integrity": "sha512-NP5SG4bzix+EtSMtcudp8TvI0lB46mXNo8uFpTDw6tqxGx4z5yx+giIunEFA0Z7oUO4DuWrOJV9xqR2tJVEdyA=="
    }
  }
}
