{
  "name": "v8.2.2",
  "version": "1.0.0",
  "lockfileVersion": 1,
  "requires": true,
  "dependencies": {
    "@hapi/hoek": {
      "version": "8.2.2",
      "resolved": "http://nexus:8081/repository/npm-group/@hapi/hoek/-/hoek-8.2.2.tgz",
      "integrity": "sha512-18P3VwngjNEcmvPj1mmiHLPyUPjhPAxIyJKDj4PRIY0F5ac3P0Vd0hkASPyWXHK0rfY3P9N2FoxV8ZuYaRBZ1g=="
    }
  }
}
