{
  "name": "v1.2.0",
  "version": "1.0.0",
  "lockfileVersion": 1,
  "requires": true,
  "dependencies": {
    "lodash": {
      "version": "1.2.0",
      "resolved": "http://nexus:8081/repository/npm-group/lodash/-/lodash-1.2.0.tgz",
      "integrity": "sha1-XxajMYqzv2gMe0G1u2Mn6eEIbsQ="
    }
  }
}
