{
  "name": "v1.0.1",
  "version": "1.0.0",
  "lockfileVersion": 1,
  "requires": true,
  "dependencies": {
    "deap": {
      "version": "1.0.1",
      "resolved": "http://nexus:8081/repository/npm-group/deap/-/deap-1.0.1.tgz",
      "integrity": "sha512-k75KYNZMvwAwes2xIPry/QTffXIchjD8QfABvvfTr80P85jv5ZcKqcoDo+vMe71nNnVnXYe8MA28weyqcf/DKw=="
    }
  }
}
