{
  "name": "v0.0.2",
  "version": "1.0.0",
  "lockfileVersion": 1,
  "requires": true,
  "dependencies": {
    "react": {
      "version": "0.0.2",
      "resolved": "http://nexus:8081/repository/npm-group/react/-/react-0.0.2.tgz",
      "integrity": "sha1-PPD7sUZxSHnA3nBp6Mq7IfLLUj8="
    }
  }
}
