{
  "name": "v1.7.2",
  "version": "1.0.0",
  "lockfileVersion": 1,
  "requires": true,
  "dependencies": {
    "moment": {
      "version": "1.7.2",
      "resolved": "http://nexus:8081/repository/npm-group/moment/-/moment-1.7.2.tgz",
      "integrity": "sha1-5mvjRL4unsHRLx4WqMpJv2NBf08="
    }
  }
}
