{
  "name": "v0.5.1",
  "version": "1.0.0",
  "lockfileVersion": 1,
  "requires": true,
  "dependencies": {
    "deep-extend": {
      "version": "0.5.1",
      "resolved": "http://nexus:8081/repository/npm-group/deep-extend/-/deep-extend-0.5.1.tgz",
      "integrity": "sha512-N8vBdOa+DF7zkRrDCsaOXoCs/E2fJfx9B9MrKnnSiHNh4ws7eSys6YQE4KvT1cecKmOASYQBhbKjeuDD9lT81w=="
    }
  }
}
