{
  "name": "v2.11.1",
  "version": "1.0.0",
  "lockfileVersion": 1,
  "requires": true,
  "dependencies": {
    "moment": {
      "version": "2.11.1",
      "resolved": "http://nexus:8081/repository/npm-group/moment/-/moment-2.11.1.tgz",
      "integrity": "sha1-v0AmQTZA0bgCRnzzU2B/hGTWr0c="
    }
  }
}
