{
  "name": "v0.5.0",
  "version": "1.0.0",
  "lockfileVersion": 1,
  "requires": true,
  "dependencies": {
    "object-path": {
      "version": "0.5.0",
      "resolved": "http://nexus:8081/repository/npm-group/object-path/-/object-path-0.5.0.tgz",
      "integrity": "sha1-nycMpjiQnKWZES+DnhD7Yq6FpMk="
    }
  }
}
