{
  "name": "v1.12.1",
  "version": "1.0.0",
  "lockfileVersion": 1,
  "requires": true,
  "dependencies": {
    "jquery": {
      "version": "1.12.1",
      "resolved": "http://nexus:8081/repository/npm-group/jquery/-/jquery-1.12.1.tgz",
      "integrity": "sha1-nMNM5HgNTOuQxEMo8HEGTwGWDBg="
    }
  }
}
