{
  "name": "v0.0.4",
  "version": "1.0.0",
  "lockfileVersion": 1,
  "requires": true,
  "dependencies": {
    "commander": {
      "version": "0.0.4",
      "resolved": "http://nexus:8081/repository/npm-group/commander/-/commander-0.0.4.tgz",
      "integrity": "sha1-ciBslkU/RHXApuDwQXB7IXvvgzE="
    }
  }
}
