{
  "name": "v2.20.0",
  "version": "1.0.0",
  "lockfileVersion": 1,
  "requires": true,
  "dependencies": {
    "moment": {
      "version": "2.20.0",
      "resolved": "http://nexus:8081/repository/npm-group/moment/-/moment-2.20.0.tgz",
      "integrity": "sha512-r7aEpLB/mhMUiC5ksahDajF/Jr3wS/qLzUnwOJCZyKWF34ibdvW8saujBKfR7aQlov//JgFA38HXOoIt7lXzcA=="
    }
  }
}
