{
  "name": "v5.0.0-4",
  "version": "1.0.0",
  "lockfileVersion": 1,
  "requires": true,
  "dependencies": {
    "commander": {
      "version": "5.0.0-4",
      "resolved": "http://nexus:8081/repository/npm-group/commander/-/commander-5.0.0-4.tgz",
      "integrity": "sha512-5ouZPC4TTJaxyjVoLbFP9M08CFmiMewAl/Vg044S5hv/oVtP3sUDPOl73XY75l2k8njoplxogL34oaaFayuS+A=="
    }
  }
}
