{
  "name": "v9.0.3",
  "version": "1.0.0",
  "lockfileVersion": 1,
  "requires": true,
  "dependencies": {
    "@hapi/hoek": {
      "version": "9.0.3",
      "resolved": "http://nexus:8081/repository/npm-group/@hapi/hoek/-/hoek-9.0.3.tgz",
      "integrity": "sha512-jKtjLLDiH95b002sJVc5c74PE6KKYftuyVdVmsuYId5stTaWcRFqE+5ukZI4gDUKjGn8wv2C3zPn3/nyjEI7gg=="
    }
  }
}
