{
  "name": "v1.1.2",
  "version": "1.0.0",
  "lockfileVersion": 1,
  "requires": true,
  "dependencies": {
    "merge": {
      "version": "1.1.2",
      "resolved": "http://nexus:8081/repository/npm-group/merge/-/merge-1.1.2.tgz",
      "integrity": "sha1-Fq3OfE/Va6S9W52rlGkrHJ9e98g="
    }
  }
}
