{
  "name": "v0.3.1",
  "version": "1.0.0",
  "lockfileVersion": 1,
  "requires": true,
  "dependencies": {
    "commander": {
      "version": "0.3.1",
      "resolved": "http://nexus:8081/repository/npm-group/commander/-/commander-0.3.1.tgz",
      "integrity": "sha1-pwzJUDjWFJN6v5NJsLlPVJG82Os="
    }
  }
}
