{
  "name": "v0.4.1",
  "version": "1.0.0",
  "lockfileVersion": 1,
  "requires": true,
  "dependencies": {
    "commander": {
      "version": "0.4.1",
      "resolved": "http://nexus:8081/repository/npm-group/commander/-/commander-0.4.1.tgz",
      "integrity": "sha1-hcMNjoD7V96ala6b1QhAIavB398="
    }
  }
}
