{
  "name": "v1.0.0-beta2",
  "version": "1.0.0",
  "lockfileVersion": 1,
  "requires": true,
  "dependencies": {
    "express": {
      "version": "1.0.0-beta2",
      "resolved": "http://nexus:8081/repository/npm-group/express/-/express-1.0.0beta2.tgz",
      "integrity": "sha1-Tp9vlEBclpFz4Joguj8NJwIOyek="
    }
  }
}
