{
  "name": "v4.17.3",
  "version": "1.0.0",
  "lockfileVersion": 1,
  "requires": true,
  "dependencies": {
    "lodash": {
      "version": "4.17.3",
      "resolved": "http://nexus:8081/repository/npm-group/lodash/-/lodash-4.17.3.tgz",
      "integrity": "sha1-VX7X0qlDjKxf1aQwQ8pgy0VeAfc="
    }
  }
}
