{
  "name": "v1.7.1",
  "version": "1.0.0",
  "lockfileVersion": 1,
  "requires": true,
  "dependencies": {
    "moment": {
      "version": "1.7.1",
      "resolved": "http://nexus:8081/repository/npm-group/moment/-/moment-1.7.1.tgz",
      "integrity": "sha1-fbG2oR46FVU+3r3F9c8twJKYN8g="
    }
  }
}
