{
  "name": "v8.0.1",
  "version": "1.0.0",
  "lockfileVersion": 1,
  "requires": true,
  "dependencies": {
    "@hapi/hoek": {
      "version": "8.0.1",
      "resolved": "http://nexus:8081/repository/npm-group/@hapi/hoek/-/hoek-8.0.1.tgz",
      "integrity": "sha512-cctMYH5RLbElaUpZn3IJaUj9QNQD8iXDnl7xNY6KB1aFD2ciJrwpo3kvZowIT75uA+silJFDnSR2kGakALUymg=="
    }
  }
}
