{
  "name": "v0.2.1",
  "version": "1.0.0",
  "lockfileVersion": 1,
  "requires": true,
  "dependencies": {
    "defaults-deep": {
      "version": "0.2.1",
      "resolved": "http://nexus:8081/repository/npm-group/defaults-deep/-/defaults-deep-0.2.1.tgz",
      "integrity": "sha1-j4Dzn69Yw+KIfXJRQ5trX03EqfQ=",
      "requires": {
        "for-own": "^0.1.2",
        "is-plain-object": "^0.1.0"
      }
    },
    "for-in": {
      "version": "1.0.2",
      "resolved": "http://nexus:8081/repository/npm-group/for-in/-/for-in-1.0.2.tgz",
      "integrity": "sha1-gQaNKVqBQuwKxybG4iAMMPttXoA="
    },
    "for-own": {
      "version": "0.1.5",
      "resolved": "http://nexus:8081/repository/npm-group/for-own/-/for-own-0.1.5.tgz",
      "integrity": "sha1-UmXGgaTylNq78XyVCbZ2OqhFEM4=",
      "requires": {
        "for-in": "^1.0.1"
      }
    },
    "is-plain-object": {
      "version": "0.1.0",
      "resolved": "http://nexus:8081/repository/npm-group/is-plain-object/-/is-plain-object-0.1.0.tgz",
      "integrity": "sha1-PKfbAi3nL9EgB/GVe+tZ6llrl5w="
    }
  }
}
