{
  "name": "v2.2.9",
  "version": "1.0.0",
  "lockfileVersion": 1,
  "requires": true,
  "dependencies": {
    "request": {
      "version": "2.2.9",
      "resolved": "http://nexus:8081/repository/npm-group/request/-/request-2.2.9.tgz",
      "integrity": "sha1-77+K+/5/HiANSDuZdStsQrQEoPE="
    }
  }
}
