{
  "name": "v2.1.0-beta2",
  "version": "1.0.0",
  "lockfileVersion": 1,
  "requires": true,
  "dependencies": {
    "jquery": {
      "version": "2.1.0-beta2",
      "resolved": "http://nexus:8081/repository/npm-group/jquery/-/jquery-2.1.0-beta2.tgz",
      "integrity": "sha1-4Pu+K+tFtNj4CDYsfJnvW/7n2MY="
    }
  }
}
