{
  "name": "v8.2.5",
  "version": "1.0.0",
  "lockfileVersion": 1,
  "requires": true,
  "dependencies": {
    "@hapi/hoek": {
      "version": "8.2.5",
      "resolved": "http://nexus:8081/repository/npm-group/@hapi/hoek/-/hoek-8.2.5.tgz",
      "integrity": "sha512-rmGFzok1zR3xZKd5m3ihWdqafXFxvPHoQ/78+AG5URKbEbJiwBBfRgzbu+07W5f3+07JRshw6QqGbVmCp8ntig=="
    }
  }
}
