{
  "name": "v0.8.0",
  "version": "1.0.0",
  "lockfileVersion": 1,
  "requires": true,
  "dependencies": {
    "lodash": {
      "version": "0.8.0",
      "resolved": "http://nexus:8081/repository/npm-group/lodash/-/lodash-0.8.0.tgz",
      "integrity": "sha1-nGbKX2qIYIex+YDu8qOZGpiiL3o="
    }
  }
}
