{
  "name": "v0.2.1",
  "version": "1.0.0",
  "lockfileVersion": 1,
  "requires": true,
  "dependencies": {
    "ensure-array": {
      "version": "0.0.5",
      "resolved": "http://nexus:8081/repository/npm-group/ensure-array/-/ensure-array-0.0.5.tgz",
      "integrity": "sha1-NVvsw4LI65nWikm0UK6eboEQJxU="
    },
    "eventemitter2": {
      "version": "0.4.14",
      "resolved": "http://nexus:8081/repository/npm-group/eventemitter2/-/eventemitter2-0.4.14.tgz",
      "integrity": "sha1-j2G3XN4BKy6esoTUVFWDtWQ7Yas="
    },
    "react": {
      "version": "0.2.1",
      "resolved": "http://nexus:8081/repository/npm-group/react/-/react-0.2.1.tgz",
      "integrity": "sha1-mweSeOYcpZsFNBq9Z1KG91CFaLA=",
      "requires": {
        "ensure-array": "~0.0.2",
        "eventemitter2": "~0.4.1",
        "sprintf": "~0.1.1"
      }
    },
    "sprintf": {
      "version": "0.1.5",
      "resolved": "http://nexus:8081/repository/npm-group/sprintf/-/sprintf-0.1.5.tgz",
      "integrity": "sha1-j4PjmpMXwaUCy324BQ5Rxnn27c8="
    }
  }
}
