{
  "name": "v4.16.1",
  "version": "1.0.0",
  "lockfileVersion": 1,
  "requires": true,
  "dependencies": {
    "lodash": {
      "version": "4.16.1",
      "resolved": "http://nexus:8081/repository/npm-group/lodash/-/lodash-4.16.1.tgz",
      "integrity": "sha1-deFfz+JyGtvWp8WYX4VSiKA/w20="
    }
  }
}
