{
  "name": "v7.1.0",
  "version": "1.0.0",
  "lockfileVersion": 1,
  "requires": true,
  "dependencies": {
    "@hapi/hoek": {
      "version": "7.1.0",
      "resolved": "http://nexus:8081/repository/npm-group/@hapi/hoek/-/hoek-7.1.0.tgz",
      "integrity": "sha512-jBTPzWrWQAizq7naLVwU+P2+TzVY3ZtPSX+F9gwW23ihwpihpYKvjN21zHKUjaePYS9ijlDF3oFVNbGfhbbk2w=="
    }
  }
}
