{
  "name": "v1.1.0",
  "version": "1.0.0",
  "lockfileVersion": 1,
  "requires": true,
  "dependencies": {
    "request": {
      "version": "1.1.0",
      "resolved": "http://nexus:8081/repository/npm-group/request/-/request-1.1.0.tgz",
      "integrity": "sha1-MnFi3VkKm0vLcdcM/xJn7xD/UQE="
    }
  }
}
