{
  "name": "v2.4.7",
  "version": "1.0.0",
  "lockfileVersion": 1,
  "requires": true,
  "dependencies": {
    "connect": {
      "version": "1.7.3",
      "resolved": "http://nexus:8081/repository/npm-group/connect/-/connect-1.7.3.tgz",
      "integrity": "sha1-3qt+cIH69rL06reBItAbYy6kWLk=",
      "requires": {
        "mime": ">= 0.0.1",
        "qs": ">= 0.3.1"
      }
    },
    "express": {
      "version": "2.4.7",
      "resolved": "http://nexus:8081/repository/npm-group/express/-/express-2.4.7.tgz",
      "integrity": "sha1-hyu/VCfgYhAJAa3m6A/1d6wk3j8=",
      "requires": {
        "connect": "1.7.x",
        "mime": ">= 0.0.1",
        "mkdirp": "0.0.7",
        "qs": ">= 0.3.1"
      }
    },
    "mime": {
      "version": "2.4.6",
      "resolved": "http://nexus:8081/repository/npm-group/mime/-/mime-2.4.6.tgz",
      "integrity": "sha512-RZKhC3EmpBchfTGBVb8fb+RL2cWyw/32lshnsETttkBAyAUXSGHxbEJWWRXc751DrIxG1q04b8QwMbAwkRPpUA=="
    },
    "mkdirp": {
      "version": "0.0.7",
      "resolved": "http://nexus:8081/repository/npm-group/mkdirp/-/mkdirp-0.0.7.tgz",
      "integrity": "sha1-2JtPDkw+XlylQjWTFnXglP4aUHI="
    },
    "qs": {
      "version": "6.9.4",
      "resolved": "http://nexus:8081/repository/npm-group/qs/-/qs-6.9.4.tgz",
      "integrity": "sha512-A1kFqHekCTM7cz0udomYUoYNWjBebHm/5wzU/XqrBRBNWectVH0QIiN+NEcZ0Dte5hvzHwbr8+XQmguPhJ6WdQ=="
    }
  }
}
