{
  "name": "v0.2.1",
  "version": "1.0.0",
  "lockfileVersion": 1,
  "requires": true,
  "dependencies": {
    "commander": {
      "version": "0.2.1",
      "resolved": "http://nexus:8081/repository/npm-group/commander/-/commander-0.2.1.tgz",
      "integrity": "sha1-Mso8IXrDQAgr1w4TJrW71B+8bNE="
    }
  }
}
