{
  "name": "v1.1.1",
  "version": "1.0.0",
  "lockfileVersion": 1,
  "requires": true,
  "dependencies": {
    "request": {
      "version": "1.1.1",
      "resolved": "http://nexus:8081/repository/npm-group/request/-/request-1.1.1.tgz",
      "integrity": "sha1-bWWBBJOXxR4bDpjsp7/SnAyKT28="
    }
  }
}
