{
  "name": "v5.0.0-2",
  "version": "1.0.0",
  "lockfileVersion": 1,
  "requires": true,
  "dependencies": {
    "commander": {
      "version": "5.0.0-2",
      "resolved": "http://nexus:8081/repository/npm-group/commander/-/commander-5.0.0-2.tgz",
      "integrity": "sha512-9oKoqJisncoX2ppeXigKyRiFtLZreopWKdOCP9GeGESMAHETXgy3k7zJPuh+R+nm4LpDeqlPAz9kAUaRnLSlvQ=="
    }
  }
}
