{
  "name": "v0.0.1",
  "version": "1.0.0",
  "lockfileVersion": 1,
  "requires": true,
  "dependencies": {
    "merge-recursive": {
      "version": "0.0.1",
      "resolved": "http://nexus:8081/repository/npm-group/merge-recursive/-/merge-recursive-0.0.1.tgz",
      "integrity": "sha1-Wp7W4I1CcrCkcmu3U3Oa+OHdC+A="
    }
  }
}
