{
  "name": "v6.2.4",
  "version": "1.0.0",
  "lockfileVersion": 1,
  "requires": true,
  "dependencies": {
    "@hapi/hoek": {
      "version": "6.2.4",
      "resolved": "http://nexus:8081/repository/npm-group/@hapi/hoek/-/hoek-6.2.4.tgz",
      "integrity": "sha512-HOJ20Kc93DkDVvjwHyHawPwPkX44sIrbXazAUDiUXaY2R9JwQGo2PhFfnQtdrsIe4igjG2fPgMra7NYw7qhy0A=="
    }
  }
}
