{
  "name": "v1.0.3",
  "version": "1.0.0",
  "lockfileVersion": 1,
  "requires": true,
  "dependencies": {
    "merge-objects": {
      "version": "1.0.3",
      "resolved": "http://nexus:8081/repository/npm-group/merge-objects/-/merge-objects-1.0.3.tgz",
      "integrity": "sha1-QQv5qZvHDQuVHgp+SY2bEXrrxjk="
    }
  }
}
