{
  "name": "v7.2.0",
  "version": "1.0.0",
  "lockfileVersion": 1,
  "requires": true,
  "dependencies": {
    "@hapi/hoek": {
      "version": "7.2.0",
      "resolved": "http://nexus:8081/repository/npm-group/@hapi/hoek/-/hoek-7.2.0.tgz",
      "integrity": "sha512-rRKo8M11Mvj/mq6gl3yyIYY87O7Zkb1jfFGG/G65j4VE4rm0DwA+6ppgfqhzzK+3sWXjPvbZ3DKCtRP8I4YHMw=="
    }
  }
}
