{
  "name": "v5.0.0-3",
  "version": "1.0.0",
  "lockfileVersion": 1,
  "requires": true,
  "dependencies": {
    "commander": {
      "version": "5.0.0-3",
      "resolved": "http://nexus:8081/repository/npm-group/commander/-/commander-5.0.0-3.tgz",
      "integrity": "sha512-8lfJT6SUoBSqxsXxICEeSB6+/YeVUDshV4jfrDneRcrC3H/bZ9YossoD5KCtNJlmKFUsWFZJg1b9MmEvLD3BCA=="
    }
  }
}
