{
  "name": "v0.11.2",
  "version": "1.0.0",
  "lockfileVersion": 1,
  "requires": true,
  "dependencies": {
    "object-path": {
      "version": "0.11.2",
      "resolved": "http://nexus:8081/repository/npm-group/object-path/-/object-path-0.11.2.tgz",
      "integrity": "sha1-dL87PFp/ICTXXjM/EgITU/qdSF4="
    }
  }
}
