{
  "name": "v5.0.0-1",
  "version": "1.0.0",
  "lockfileVersion": 1,
  "requires": true,
  "dependencies": {
    "commander": {
      "version": "5.0.0-1",
      "resolved": "http://nexus:8081/repository/npm-group/commander/-/commander-5.0.0-1.tgz",
      "integrity": "sha512-cV808agy7Q4lIV8YV7zAmMa929TuQVbEIEtZ3P73T7WyWlbS6QqABihySoS4wKoFv08psv+DhagmVn3YZQREAg=="
    }
  }
}
