{
  "name": "v2.10.5",
  "version": "1.0.0",
  "lockfileVersion": 1,
  "requires": true,
  "dependencies": {
    "moment": {
      "version": "2.10.5",
      "resolved": "http://nexus:8081/repository/npm-group/moment/-/moment-2.10.5.tgz",
      "integrity": "sha1-GFkp7SRGOtVzr5VTC24gz1cthWY="
    }
  }
}
