{
  "name": "v4.11.2",
  "version": "1.0.0",
  "lockfileVersion": 1,
  "requires": true,
  "dependencies": {
    "lodash": {
      "version": "4.11.2",
      "resolved": "http://nexus:8081/repository/npm-group/lodash/-/lodash-4.11.2.tgz",
      "integrity": "sha1-1rQzixEKWOIdrlzrz9u/0rxM2zs="
    }
  }
}
