{
  "name": "v1.0.0beta",
  "version": "1.0.0",
  "lockfileVersion": 1,
  "requires": true,
  "dependencies": {
    "express": {
      "version": "1.0.0-beta",
      "resolved": "http://nexus:8081/repository/npm-group/express/-/express-1.0.0beta.tgz",
      "integrity": "sha1-+MSF7Bqi2GEsZnoPyghgOr2yckY="
    }
  }
}
