{
  "name": "v0.3.2",
  "version": "1.0.0",
  "lockfileVersion": 1,
  "requires": true,
  "dependencies": {
    "lodash": {
      "version": "0.3.2",
      "resolved": "http://nexus:8081/repository/npm-group/lodash/-/lodash-0.3.2.tgz",
      "integrity": "sha1-soR0ysxnATTIVrJK1Bg/8g3se44="
    }
  }
}
