{
  "name": "v0.6.3",
  "version": "1.0.0",
  "lockfileVersion": 1,
  "requires": true,
  "dependencies": {
    "amdefine": {
      "version": "0.0.8",
      "resolved": "http://nexus:8081/repository/npm-group/amdefine/-/amdefine-0.0.8.tgz",
      "integrity": "sha1-NNyMmB5qyzvhhTvvjw7JSjnVW6A="
    },
    "ensure-array": {
      "version": "0.0.5",
      "resolved": "http://nexus:8081/repository/npm-group/ensure-array/-/ensure-array-0.0.5.tgz",
      "integrity": "sha1-NVvsw4LI65nWikm0UK6eboEQJxU="
    },
    "eventemitter2": {
      "version": "0.4.14",
      "resolved": "http://nexus:8081/repository/npm-group/eventemitter2/-/eventemitter2-0.4.14.tgz",
      "integrity": "sha1-j2G3XN4BKy6esoTUVFWDtWQ7Yas="
    },
    "react": {
      "version": "0.6.3",
      "resolved": "http://nexus:8081/repository/npm-group/react/-/react-0.6.3.tgz",
      "integrity": "sha1-h7icyseN7s3RSMk5ibC6CNqMEn8=",
      "requires": {
        "amdefine": "~0.0.2",
        "ensure-array": "~0.0.5",
        "eventemitter2": "~0.4.1"
      }
    }
  }
}
