{
  "name": "v3.10.3",
  "version": "1.0.0",
  "lockfileVersion": 1,
  "requires": true,
  "dependencies": {
    "accepts": {
      "version": "1.0.2",
      "resolved": "http://nexus:8081/repository/npm-group/accepts/-/accepts-1.0.2.tgz",
      "integrity": "sha1-liZqzhtMA/ljdCjzrK/okZWfOIM=",
      "requires": {
        "mime": "~1.2.11",
        "negotiator": "0.4.5"
      }
    },
    "basic-auth-connect": {
      "version": "1.0.0",
      "resolved": "http://nexus:8081/repository/npm-group/basic-auth-connect/-/basic-auth-connect-1.0.0.tgz",
      "integrity": "sha1-/bC0OWLKe0BFanwrtI/hc9otISI="
    },
    "batch": {
      "version": "0.5.0",
      "resolved": "http://nexus:8081/repository/npm-group/batch/-/batch-0.5.0.tgz",
      "integrity": "sha1-/S4Fp6XWlrTbkxQBPihdj/NVfsM="
    },
    "body-parser": {
      "version": "1.3.0",
      "resolved": "http://nexus:8081/repository/npm-group/body-parser/-/body-parser-1.3.0.tgz",
      "integrity": "sha1-GmUcuZk6AaZVMa44OVzrAZndfjw=",
      "requires": {
        "bytes": "1.0.0",
        "qs": "0.6.6",
        "raw-body": "1.1.6",
        "type-is": "1.2.0"
      }
    },
    "buffer-crc32": {
      "version": "0.2.1",
      "resolved": "http://nexus:8081/repository/npm-group/buffer-crc32/-/buffer-crc32-0.2.1.tgz",
      "integrity": "sha1-vj5TgvwCttYySVasGvmKqYsIU0w="
    },
    "bytes": {
      "version": "1.0.0",
      "resolved": "http://nexus:8081/repository/npm-group/bytes/-/bytes-1.0.0.tgz",
      "integrity": "sha1-NWnt6Lo0MV+rmcPpLLBMciDeH6g="
    },
    "commander": {
      "version": "1.3.2",
      "resolved": "http://nexus:8081/repository/npm-group/commander/-/commander-1.3.2.tgz",
      "integrity": "sha1-io8w7GcKb91kr1LxkUuQfXnq1bU=",
      "requires": {
        "keypress": "0.1.x"
      }
    },
    "compressible": {
      "version": "1.0.1",
      "resolved": "http://nexus:8081/repository/npm-group/compressible/-/compressible-1.0.1.tgz",
      "integrity": "sha1-jtgiSCLGDDyNq8rTTpE+0pUq0XA="
    },
    "compression": {
      "version": "1.0.6",
      "resolved": "http://nexus:8081/repository/npm-group/compression/-/compression-1.0.6.tgz",
      "integrity": "sha1-77xcWHCYDp1+Wp1ubXQ3zM9qmoo=",
      "requires": {
        "accepts": "1.0.2",
        "bytes": "1.0.0",
        "compressible": "1.0.1",
        "on-headers": "0.0.0"
      }
    },
    "connect": {
      "version": "2.19.4",
      "resolved": "http://nexus:8081/repository/npm-group/connect/-/connect-2.19.4.tgz",
      "integrity": "sha1-AfjxA7LsfH8m/qZWRdOPPInSlfc=",
      "requires": {
        "basic-auth-connect": "1.0.0",
        "body-parser": "1.3.0",
        "bytes": "1.0.0",
        "compression": "1.0.6",
        "connect-timeout": "1.1.0",
        "cookie": "0.1.2",
        "cookie-parser": "1.1.0",
        "cookie-signature": "1.0.3",
        "csurf": "1.2.0",
        "debug": ">= 0.8.0 < 1",
        "errorhandler": "1.0.2",
        "escape-html": "1.0.1",
        "express-session": "1.2.1",
        "fresh": "0.2.2",
        "method-override": "2.0.2",
        "morgan": "1.1.1",
        "multiparty": "3.2.8",
        "on-headers": "0.0.0",
        "parseurl": "1.0.1",
        "pause": "0.0.1",
        "qs": "0.6.6",
        "response-time": "2.0.0",
        "serve-favicon": "2.0.1",
        "serve-index": "1.1.0",
        "serve-static": "1.2.1",
        "type-is": "1.2.0",
        "vhost": "1.0.0"
      },
      "dependencies": {
        "debug": {
          "version": "0.8.1",
          "resolved": "http://nexus:8081/repository/npm-group/debug/-/debug-0.8.1.tgz",
          "integrity": "sha1-IP9NJvXkIstoobrLu2EDmtjBwTA="
        }
      }
    },
    "connect-timeout": {
      "version": "1.1.0",
      "resolved": "http://nexus:8081/repository/npm-group/connect-timeout/-/connect-timeout-1.1.0.tgz",
      "integrity": "sha1-/IBhX8els4Y70DGa8kkdLX/cXwU=",
      "requires": {
        "debug": "0.8.1"
      },
      "dependencies": {
        "debug": {
          "version": "0.8.1",
          "resolved": "http://nexus:8081/repository/npm-group/debug/-/debug-0.8.1.tgz",
          "integrity": "sha1-IP9NJvXkIstoobrLu2EDmtjBwTA="
        }
      }
    },
    "cookie": {
      "version": "0.1.2",
      "resolved": "http://nexus:8081/repository/npm-group/cookie/-/cookie-0.1.2.tgz",
      "integrity": "sha1-cv7D0k5Io0Mgc9kMEmQgBQYQBLE="
    },
    "cookie-parser": {
      "version": "1.1.0",
      "resolved": "http://nexus:8081/repository/npm-group/cookie-parser/-/cookie-parser-1.1.0.tgz",
      "integrity": "sha1-L4JlqjtVczqF7vIH8OJTDD6M9wU=",
      "requires": {
        "cookie": "0.1.2",
        "cookie-signature": "1.0.3"
      }
    },
    "cookie-signature": {
      "version": "1.0.3",
      "resolved": "http://nexus:8081/repository/npm-group/cookie-signature/-/cookie-signature-1.0.3.tgz",
      "integrity": "sha1-kc2ZfMUftkFZVzjGnNoCAyj1D/k="
    },
    "core-util-is": {
      "version": "1.0.2",
      "resolved": "http://nexus:8081/repository/npm-group/core-util-is/-/core-util-is-1.0.2.tgz",
      "integrity": "sha1-tf1UIgqivFq1eqtxQMlAdUUDwac="
    },
    "csurf": {
      "version": "1.2.0",
      "resolved": "http://nexus:8081/repository/npm-group/csurf/-/csurf-1.2.0.tgz",
      "integrity": "sha1-VtHR6SGkAn5q34f1HnBrglx0qxM=",
      "requires": {
        "scmp": "~0.0.3",
        "uid2": "~0.0.2"
      }
    },
    "debug": {
      "version": "1.0.0",
      "resolved": "http://nexus:8081/repository/npm-group/debug/-/debug-1.0.0.tgz",
      "integrity": "sha1-VTZ4tnSUyswtUzDCTfsvJ1sc61o=",
      "requires": {
        "ms": "0.6.2"
      }
    },
    "errorhandler": {
      "version": "1.0.2",
      "resolved": "http://nexus:8081/repository/npm-group/errorhandler/-/errorhandler-1.0.2.tgz",
      "integrity": "sha1-WH1Hu7vEjP/hMsOs2nIVyQJVgQg="
    },
    "escape-html": {
      "version": "1.0.1",
      "resolved": "http://nexus:8081/repository/npm-group/escape-html/-/escape-html-1.0.1.tgz",
      "integrity": "sha1-GBoobq05ejmpKFfPsdQwUuNWv/A="
    },
    "express": {
      "version": "3.10.3",
      "resolved": "http://nexus:8081/repository/npm-group/express/-/express-3.10.3.tgz",
      "integrity": "sha1-1mnV+i15+mNJr1+mM41ka8NGraU=",
      "requires": {
        "buffer-crc32": "0.2.1",
        "commander": "1.3.2",
        "connect": "2.19.4",
        "cookie": "0.1.2",
        "cookie-signature": "1.0.3",
        "debug": "1.0.0",
        "escape-html": "1.0.1",
        "fresh": "0.2.2",
        "merge-descriptors": "0.0.2",
        "methods": "1.0.1",
        "mkdirp": "0.5.0",
        "parseurl": "1.0.1",
        "proxy-addr": "1.0.1",
        "range-parser": "1.0.0",
        "send": "0.4.1",
        "vary": "0.1.0"
      }
    },
    "express-session": {
      "version": "1.2.1",
      "resolved": "http://nexus:8081/repository/npm-group/express-session/-/express-session-1.2.1.tgz",
      "integrity": "sha1-J0GhZh6zpKF6fbCkgEn78FV05GU=",
      "requires": {
        "buffer-crc32": "0.2.1",
        "cookie": "0.1.2",
        "cookie-signature": "1.0.3",
        "debug": "0.8.1",
        "on-headers": "0.0.0",
        "uid2": "0.0.3",
        "utils-merge": "1.0.0"
      },
      "dependencies": {
        "debug": {
          "version": "0.8.1",
          "resolved": "http://nexus:8081/repository/npm-group/debug/-/debug-0.8.1.tgz",
          "integrity": "sha1-IP9NJvXkIstoobrLu2EDmtjBwTA="
        }
      }
    },
    "finished": {
      "version": "1.1.4",
      "resolved": "http://nexus:8081/repository/npm-group/finished/-/finished-1.1.4.tgz",
      "integrity": "sha1-Tbn+IPkgvMwucSb/qEF1yPystdk="
    },
    "fresh": {
      "version": "0.2.2",
      "resolved": "http://nexus:8081/repository/npm-group/fresh/-/fresh-0.2.2.tgz",
      "integrity": "sha1-lzHc9WeMf660T7kDxPct9VGH+nc="
    },
    "inherits": {
      "version": "2.0.4",
      "resolved": "http://nexus:8081/repository/npm-group/inherits/-/inherits-2.0.4.tgz",
      "integrity": "sha512-k/vGaX4/Yla3WzyMCvTQOXYeIHvqOKtnqBduzTHpzpQZzAskKMhZ2K+EnBiSM9zGSoIFeMpXKxa4dYeZIQqewQ=="
    },
    "ipaddr.js": {
      "version": "0.1.2",
      "resolved": "http://nexus:8081/repository/npm-group/ipaddr.js/-/ipaddr.js-0.1.2.tgz",
      "integrity": "sha1-ah/T2FT1ACllw017vNm0qNSwRn4="
    },
    "isarray": {
      "version": "0.0.1",
      "resolved": "http://nexus:8081/repository/npm-group/isarray/-/isarray-0.0.1.tgz",
      "integrity": "sha1-ihis/Kmo9Bd+Cav8YDiTmwXR7t8="
    },
    "keypress": {
      "version": "0.1.0",
      "resolved": "http://nexus:8081/repository/npm-group/keypress/-/keypress-0.1.0.tgz",
      "integrity": "sha1-SjGI1CkbZrT2XtuZ+AaqmuKTWSo="
    },
    "merge-descriptors": {
      "version": "0.0.2",
      "resolved": "http://nexus:8081/repository/npm-group/merge-descriptors/-/merge-descriptors-0.0.2.tgz",
      "integrity": "sha1-w2pSp4FDdRPFcnXzndnTF1FKyMc="
    },
    "method-override": {
      "version": "2.0.2",
      "resolved": "http://nexus:8081/repository/npm-group/method-override/-/method-override-2.0.2.tgz",
      "integrity": "sha1-AFMSeMeXiWQL8n6X4mo6Wh98ynM=",
      "requires": {
        "methods": "1.0.1",
        "parseurl": "1.0.1",
        "vary": "0.1.0"
      }
    },
    "methods": {
      "version": "1.0.1",
      "resolved": "http://nexus:8081/repository/npm-group/methods/-/methods-1.0.1.tgz",
      "integrity": "sha1-dbyRlD3/19oDfPPusO1zoAN80Us="
    },
    "mime": {
      "version": "1.2.11",
      "resolved": "http://nexus:8081/repository/npm-group/mime/-/mime-1.2.11.tgz",
      "integrity": "sha1-WCA+7Ybjpe8XrtK32evUfwpg3RA="
    },
    "minimist": {
      "version": "0.0.8",
      "resolved": "http://nexus:8081/repository/npm-group/minimist/-/minimist-0.0.8.tgz",
      "integrity": "sha1-hX/Kv8M5fSYluCKCYuhqp6ARsF0="
    },
    "mkdirp": {
      "version": "0.5.0",
      "resolved": "http://nexus:8081/repository/npm-group/mkdirp/-/mkdirp-0.5.0.tgz",
      "integrity": "sha1-HXMHam35hs2TROFecfzAWkyavxI=",
      "requires": {
        "minimist": "0.0.8"
      }
    },
    "morgan": {
      "version": "1.1.1",
      "resolved": "http://nexus:8081/repository/npm-group/morgan/-/morgan-1.1.1.tgz",
      "integrity": "sha1-zeRdLoB+vMQ5dFhG6oA5LmkJgUY=",
      "requires": {
        "bytes": "1.0.0"
      }
    },
    "ms": {
      "version": "0.6.2",
      "resolved": "http://nexus:8081/repository/npm-group/ms/-/ms-0.6.2.tgz",
      "integrity": "sha1-2JwhJMb9wTU9Zai3e/GqxLGTcIw="
    },
    "multiparty": {
      "version": "3.2.8",
      "resolved": "http://nexus:8081/repository/npm-group/multiparty/-/multiparty-3.2.8.tgz",
      "integrity": "sha1-veITAdrSlChuFVsrYHEMauBK5k8=",
      "requires": {
        "readable-stream": "~1.1.9",
        "stream-counter": "~0.2.0"
      }
    },
    "negotiator": {
      "version": "0.4.5",
      "resolved": "http://nexus:8081/repository/npm-group/negotiator/-/negotiator-0.4.5.tgz",
      "integrity": "sha1-DnOOsiXjoWbufWnrz9xwK6I2p3s="
    },
    "on-headers": {
      "version": "0.0.0",
      "resolved": "http://nexus:8081/repository/npm-group/on-headers/-/on-headers-0.0.0.tgz",
      "integrity": "sha1-7igX+DRDJXhc2cLfKyQrvBfK9MQ="
    },
    "parseurl": {
      "version": "1.0.1",
      "resolved": "http://nexus:8081/repository/npm-group/parseurl/-/parseurl-1.0.1.tgz",
      "integrity": "sha1-Llfc5u/dN8NRhwEDCUTCK/OIt7Q="
    },
    "pause": {
      "version": "0.0.1",
      "resolved": "http://nexus:8081/repository/npm-group/pause/-/pause-0.0.1.tgz",
      "integrity": "sha1-HUCLP9t2kjuVQ9lvtMnf1TXZy10="
    },
    "proxy-addr": {
      "version": "1.0.1",
      "resolved": "http://nexus:8081/repository/npm-group/proxy-addr/-/proxy-addr-1.0.1.tgz",
      "integrity": "sha1-x8Vm1etOP61n7rnHfFVYzMObiKg=",
      "requires": {
        "ipaddr.js": "0.1.2"
      }
    },
    "qs": {
      "version": "0.6.6",
      "resolved": "http://nexus:8081/repository/npm-group/qs/-/qs-0.6.6.tgz",
      "integrity": "sha1-bgFQmP9RlouKPIGQAdXyyJvEsQc="
    },
    "range-parser": {
      "version": "1.0.0",
      "resolved": "http://nexus:8081/repository/npm-group/range-parser/-/range-parser-1.0.0.tgz",
      "integrity": "sha1-pLJkz+C+XONqvjdlrJwqJIdG28A="
    },
    "raw-body": {
      "version": "1.1.6",
      "resolved": "http://nexus:8081/repository/npm-group/raw-body/-/raw-body-1.1.6.tgz",
      "integrity": "sha1-mOnfmn4t+ZSTG3zbSyprlpSnTwI=",
      "requires": {
        "bytes": "1"
      }
    },
    "readable-stream": {
      "version": "1.1.14",
      "resolved": "http://nexus:8081/repository/npm-group/readable-stream/-/readable-stream-1.1.14.tgz",
      "integrity": "sha1-fPTFTvZI44EwhMY23SB54WbAgdk=",
      "requires": {
        "core-util-is": "~1.0.0",
        "inherits": "~2.0.1",
        "isarray": "0.0.1",
        "string_decoder": "~0.10.x"
      }
    },
    "response-time": {
      "version": "2.0.0",
      "resolved": "http://nexus:8081/repository/npm-group/response-time/-/response-time-2.0.0.tgz",
      "integrity": "sha1-Zcs5/VDeL0/9vdKF8YVZZr1vyzY=",
      "requires": {
        "on-headers": "0.0.0"
      }
    },
    "scmp": {
      "version": "0.0.3",
      "resolved": "http://nexus:8081/repository/npm-group/scmp/-/scmp-0.0.3.tgz",
      "integrity": "sha1-NkjfLXKUZB5/eGc//CloHZutkHM="
    },
    "send": {
      "version": "0.4.1",
      "resolved": "http://nexus:8081/repository/npm-group/send/-/send-0.4.1.tgz",
      "integrity": "sha1-bppdQcucD7NRQiZEb6MZrtRtQz0=",
      "requires": {
        "debug": "0.8.1",
        "finished": "1.1.4",
        "fresh": "~0.2.1",
        "mime": "1.2.11",
        "range-parser": "~1.0.0"
      },
      "dependencies": {
        "debug": {
          "version": "0.8.1",
          "resolved": "http://nexus:8081/repository/npm-group/debug/-/debug-0.8.1.tgz",
          "integrity": "sha1-IP9NJvXkIstoobrLu2EDmtjBwTA="
        }
      }
    },
    "serve-favicon": {
      "version": "2.0.1",
      "resolved": "http://nexus:8081/repository/npm-group/serve-favicon/-/serve-favicon-2.0.1.tgz",
      "integrity": "sha1-SCaXXZ8XPKOkFY6WmBYfdd7Hr+w=",
      "requires": {
        "fresh": "0.2.2"
      }
    },
    "serve-index": {
      "version": "1.1.0",
      "resolved": "http://nexus:8081/repository/npm-group/serve-index/-/serve-index-1.1.0.tgz",
      "integrity": "sha1-SEOyLXjq5RQGrbj6Nww3O5SZUB0=",
      "requires": {
        "accepts": "1.0.2",
        "batch": "0.5.0"
      }
    },
    "serve-static": {
      "version": "1.2.1",
      "resolved": "http://nexus:8081/repository/npm-group/serve-static/-/serve-static-1.2.1.tgz",
      "integrity": "sha1-qACp3iPb0f+xJY7bmGEo7kpOoD0=",
      "requires": {
        "escape-html": "1.0.1",
        "parseurl": "1.0.1",
        "send": "0.4.1"
      }
    },
    "stream-counter": {
      "version": "0.2.0",
      "resolved": "http://nexus:8081/repository/npm-group/stream-counter/-/stream-counter-0.2.0.tgz",
      "integrity": "sha1-3tJmVWMZyLDiIoErnPOyb6fZR94=",
      "requires": {
        "readable-stream": "~1.1.8"
      }
    },
    "string_decoder": {
      "version": "0.10.31",
      "resolved": "http://nexus:8081/repository/npm-group/string_decoder/-/string_decoder-0.10.31.tgz",
      "integrity": "sha1-YuIDvEF2bGwoyfyEMB2rHFMQ+pQ="
    },
    "type-is": {
      "version": "1.2.0",
      "resolved": "http://nexus:8081/repository/npm-group/type-is/-/type-is-1.2.0.tgz",
      "integrity": "sha1-qaqj8gFIUNSBNmP2xxTPYxgZUTg=",
      "requires": {
        "mime": "1.2.11"
      }
    },
    "uid2": {
      "version": "0.0.3",
      "resolved": "http://nexus:8081/repository/npm-group/uid2/-/uid2-0.0.3.tgz",
      "integrity": "sha1-SDEm4Rd03y9xuLY53NeZw3YWK4I="
    },
    "utils-merge": {
      "version": "1.0.0",
      "resolved": "http://nexus:8081/repository/npm-group/utils-merge/-/utils-merge-1.0.0.tgz",
      "integrity": "sha1-ApT7kiu5N1FTVBxPcJYjHyh8ivg="
    },
    "vary": {
      "version": "0.1.0",
      "resolved": "http://nexus:8081/repository/npm-group/vary/-/vary-0.1.0.tgz",
      "integrity": "sha1-3wlFiZ6TwMxb0YzIMh2dIedPYXY="
    },
    "vhost": {
      "version": "1.0.0",
      "resolved": "http://nexus:8081/repository/npm-group/vhost/-/vhost-1.0.0.tgz",
      "integrity": "sha1-ZUUT8omk+Jiqt0W71jPkAYDJxMA="
    }
  }
}
