{
  "name": "v0.4.0",
  "version": "1.0.0",
  "lockfileVersion": 1,
  "requires": true,
  "dependencies": {
    "debug": {
      "version": "0.4.0",
      "resolved": "http://nexus:8081/repository/npm-group/debug/-/debug-0.4.0.tgz",
      "integrity": "sha1-x+jGPrORggEzhp08xDqpmS/qKI8="
    }
  }
}
