{
  "name": "v0.7.3",
  "version": "1.0.0",
  "lockfileVersion": 1,
  "requires": true,
  "dependencies": {
    "debug": {
      "version": "0.7.3",
      "resolved": "http://nexus:8081/repository/npm-group/debug/-/debug-0.7.3.tgz",
      "integrity": "sha1-unrjaXmQZqKNI0+42tbwWDeDnag="
    }
  }
}
