{
  "name": "v0.9.0-rc1",
  "version": "1.0.0",
  "lockfileVersion": 1,
  "requires": true,
  "dependencies": {
    "react": {
      "version": "0.9.0-rc1",
      "resolved": "http://nexus:8081/repository/npm-group/react/-/react-0.9.0-rc1.tgz",
      "integrity": "sha1-RPgwwaUGvcTwQr6UDGOHKOpesvU="
    }
  }
}
