{
  "name": "v0.2.0",
  "version": "1.0.0",
  "lockfileVersion": 1,
  "requires": true,
  "dependencies": {
    "deep-extend": {
      "version": "0.2.0",
      "resolved": "http://nexus:8081/repository/npm-group/deep-extend/-/deep-extend-0.2.0.tgz",
      "integrity": "sha1-AzXCYwRdG3moWZEjQU5u7bxQXqk="
    }
  }
}
