{
  "name": "v2.25.2",
  "version": "1.0.0",
  "lockfileVersion": 1,
  "requires": true,
  "dependencies": {
    "moment": {
      "version": "2.25.2",
      "resolved": "http://nexus:8081/repository/npm-group/moment/-/moment-2.25.2.tgz",
      "integrity": "sha512-2BZ14aoZMfyeTmjPi2LHdPKLvb6v4uz8QruMFzHTWd1Rl98p3TWLK6GsRFqQoJOKDZmVetzYO1iU6u1QgGJelQ=="
    }
  }
}
