{
  "name": "v0.2.0",
  "version": "1.0.0",
  "lockfileVersion": 1,
  "requires": true,
  "dependencies": {
    "pathval": {
      "version": "0.2.0",
      "resolved": "http://nexus:8081/repository/npm-group/pathval/-/pathval-0.2.0.tgz",
      "integrity": "sha1-z4esHO1JLK3Ly7SC0ucgEqUjet4=",
      "requires": {
        "type-detect": "^2.0.1"
      }
    },
    "type-detect": {
      "version": "2.0.2",
      "resolved": "http://nexus:8081/repository/npm-group/type-detect/-/type-detect-2.0.2.tgz",
      "integrity": "sha1-NW75iqj+0bul9zKrVb8b82Qbkig="
    }
  }
}
