{
  "name": "v4.1.1",
  "version": "1.0.0",
  "lockfileVersion": 1,
  "requires": true,
  "dependencies": {
    "dot-prop": {
      "version": "4.1.1",
      "resolved": "http://nexus:8081/repository/npm-group/dot-prop/-/dot-prop-4.1.1.tgz",
      "integrity": "sha1-qEk/C3te7sglJbXHWH+n3nyoWcE=",
      "requires": {
        "is-obj": "^1.0.0"
      }
    },
    "is-obj": {
      "version": "1.0.1",
      "resolved": "http://nexus:8081/repository/npm-group/is-obj/-/is-obj-1.0.1.tgz",
      "integrity": "sha1-PkcprB9f3gJc19g6iW2rn09n2w8="
    }
  }
}
