{
  "name": "v3.0.0-beta1",
  "version": "1.0.0",
  "lockfileVersion": 1,
  "requires": true,
  "dependencies": {
    "jquery": {
      "version": "3.0.0-beta1",
      "resolved": "http://nexus:8081/repository/npm-group/jquery/-/jquery-3.0.0-beta1.tgz",
      "integrity": "sha1-0qTjaOLu1wUL9mq7u1TbLqNFNJ0="
    }
  }
}
