{
  "name": "v0.0.5",
  "version": "1.0.0",
  "lockfileVersion": 1,
  "requires": true,
  "dependencies": {
    "commander": {
      "version": "0.0.5",
      "resolved": "http://nexus:8081/repository/npm-group/commander/-/commander-0.0.5.tgz",
      "integrity": "sha1-eCT+BNU1f226AEX7qG//z8hD6/0="
    }
  }
}
