{
  "name": "v2.9.152",
  "version": "1.0.0",
  "lockfileVersion": 1,
  "requires": true,
  "dependencies": {
    "request": {
      "version": "2.9.152",
      "resolved": "http://nexus:8081/repository/npm-group/request/-/request-2.9.152.tgz",
      "integrity": "sha1-EAz/zZoBJVb+3MkW5kepzR4rv0M="
    }
  }
}
