{
  "name": "v7.2.1",
  "version": "1.0.0",
  "lockfileVersion": 1,
  "requires": true,
  "dependencies": {
    "@hapi/hoek": {
      "version": "7.2.1",
      "resolved": "http://nexus:8081/repository/npm-group/@hapi/hoek/-/hoek-7.2.1.tgz",
      "integrity": "sha512-X6YzLoU+VvZwUNe0VFJV/r4IiFHf61/6VItdnKjlay+YS/5qoczO3u/7wyTj2NtaOZHlFJBndNkfZ2Ag2XxCsg=="
    }
  }
}
