{
  "name": "v2.0.1",
  "version": "1.0.0",
  "lockfileVersion": 1,
  "requires": true,
  "dependencies": {
    "mixin-deep": {
      "version": "2.0.1",
      "resolved": "http://nexus:8081/repository/npm-group/mixin-deep/-/mixin-deep-2.0.1.tgz",
      "integrity": "sha512-imbHQNRglyaplMmjBLL3V5R6Bfq5oM+ivds3SKgc6oRtzErEnBUUc5No11Z2pilkUvl42gJvi285xTNswcKCMA=="
    }
  }
}
