{
  "name": "v3.0.1",
  "version": "1.0.0",
  "lockfileVersion": 1,
  "requires": true,
  "dependencies": {
    "lodash": {
      "version": "3.0.1",
      "resolved": "http://nexus:8081/repository/npm-group/lodash/-/lodash-3.0.1.tgz",
      "integrity": "sha1-FNSQKKOLx0AkHRHi7NV+wG1zwZo="
    }
  }
}
