{
  "name": "v8.0.2",
  "version": "1.0.0",
  "lockfileVersion": 1,
  "requires": true,
  "dependencies": {
    "@hapi/hoek": {
      "version": "8.0.2",
      "resolved": "http://nexus:8081/repository/npm-group/@hapi/hoek/-/hoek-8.0.2.tgz",
      "integrity": "sha512-O6o6mrV4P65vVccxymuruucb+GhP2zl9NLCG8OdoFRS8BEGw3vwpPp20wpAtpbQQxz1CEUtmxJGgWhjq1XA3qw=="
    }
  }
}
