{
  "name": "v0.0.0",
  "version": "1.0.0",
  "lockfileVersion": 1,
  "requires": true,
  "dependencies": {
    "merge-recursive": {
      "version": "0.0.0",
      "resolved": "http://nexus:8081/repository/npm-group/merge-recursive/-/merge-recursive-0.0.0.tgz",
      "integrity": "sha1-852TBgMEMuGv/rpzwDjrimpcxq4="
    }
  }
}
