{
  "name": "v2.18.0",
  "version": "1.0.0",
  "lockfileVersion": 1,
  "requires": true,
  "dependencies": {
    "moment": {
      "version": "2.18.0",
      "resolved": "http://nexus:8081/repository/npm-group/moment/-/moment-2.18.0.tgz",
      "integrity": "sha1-bP7GpJXsqRXQJgCmcCDtmUk3JSw="
    }
  }
}
