{
  "name": "v0.11.1",
  "version": "1.0.0",
  "lockfileVersion": 1,
  "requires": true,
  "dependencies": {
    "object-path": {
      "version": "0.11.1",
      "resolved": "http://nexus:8081/repository/npm-group/object-path/-/object-path-0.11.1.tgz",
      "integrity": "sha1-A9vfX3H3e/zfC4MaOrBwlPSVMpE="
    }
  }
}
