{
  "name": "v1.0.5",
  "version": "1.0.0",
  "lockfileVersion": 1,
  "requires": true,
  "dependencies": {
    "merge-objects": {
      "version": "1.0.5",
      "resolved": "http://nexus:8081/repository/npm-group/merge-objects/-/merge-objects-1.0.5.tgz",
      "integrity": "sha1-rZI/85EAkazBQ49T63W4832GKoY="
    }
  }
}
