{
  "name": "v0.10.0",
  "version": "1.0.0",
  "lockfileVersion": 1,
  "requires": true,
  "dependencies": {
    "object-path": {
      "version": "0.10.0",
      "resolved": "http://nexus:8081/repository/npm-group/object-path/-/object-path-0.10.0.tgz",
      "integrity": "sha1-LR094tWTdwXJB4uxX4/daeqTboY="
    }
  }
}
