{
  "name": "v0.9.2",
  "version": "1.0.0",
  "lockfileVersion": 1,
  "requires": true,
  "dependencies": {
    "object-path": {
      "version": "0.9.2",
      "resolved": "http://nexus:8081/repository/npm-group/object-path/-/object-path-0.9.2.tgz",
      "integrity": "sha1-D9mnT8X60a45aLWGvaXGMr1sBaU="
    }
  }
}
