{
  "name": "v0.8.1",
  "version": "1.0.0",
  "lockfileVersion": 1,
  "requires": true,
  "dependencies": {
    "object-path": {
      "version": "0.8.1",
      "resolved": "http://nexus:8081/repository/npm-group/object-path/-/object-path-0.8.1.tgz",
      "integrity": "sha1-QGkXVuFUNy5V7vDxXwBeMX6FXIw="
    }
  }
}
