{
  "name": "v2.10.3",
  "version": "1.0.0",
  "lockfileVersion": 1,
  "requires": true,
  "dependencies": {
    "moment": {
      "version": "2.10.3",
      "resolved": "http://nexus:8081/repository/npm-group/moment/-/moment-2.10.3.tgz",
      "integrity": "sha1-CruZ8wf2UhgwjGk17+KcV7Ggon8="
    }
  }
}
