{
  "name": "v0.1.2",
  "version": "1.0.0",
  "lockfileVersion": 1,
  "requires": true,
  "dependencies": {
    "assign-deep": {
      "version": "0.1.2",
      "resolved": "http://nexus:8081/repository/npm-group/assign-deep/-/assign-deep-0.1.2.tgz",
      "integrity": "sha1-9kP+19GZhRij/13apg4+7hhJZ3I=",
      "requires": {
        "is-plain-object": "^2.0.0"
      }
    },
    "is-plain-object": {
      "version": "2.0.4",
      "resolved": "http://nexus:8081/repository/npm-group/is-plain-object/-/is-plain-object-2.0.4.tgz",
      "integrity": "sha512-h5PpgXkWitc38BBMYawTYMWJHFZJVnBquFE57xFpjB8pJFiF6gZ+bU+WyI/yqXiFR5mdLsgYNaPe8uao6Uv9Og==",
      "requires": {
        "isobject": "^3.0.1"
      }
    },
    "isobject": {
      "version": "3.0.1",
      "resolved": "http://nexus:8081/repository/npm-group/isobject/-/isobject-3.0.1.tgz",
      "integrity": "sha1-TkMekrEalzFjaqH5yNHMvP2reN8="
    }
  }
}
