{
  "name": "v1.0.2",
  "version": "1.0.0",
  "lockfileVersion": 1,
  "requires": true,
  "dependencies": {
    "debug": {
      "version": "1.0.2",
      "resolved": "http://nexus:8081/repository/npm-group/debug/-/debug-1.0.2.tgz",
      "integrity": "sha1-OElZHBDM5khHbDx8Li40FttZY8Q=",
      "requires": {
        "ms": "0.6.2"
      }
    },
    "ms": {
      "version": "0.6.2",
      "resolved": "http://nexus:8081/repository/npm-group/ms/-/ms-0.6.2.tgz",
      "integrity": "sha1-2JwhJMb9wTU9Zai3e/GqxLGTcIw="
    }
  }
}
