{
  "name": "v0.2.2",
  "version": "1.0.0",
  "lockfileVersion": 1,
  "requires": true,
  "dependencies": {
    "deep-extend": {
      "version": "0.2.2",
      "resolved": "http://nexus:8081/repository/npm-group/deep-extend/-/deep-extend-0.2.2.tgz",
      "integrity": "sha1-kqZWRvqEuRpDYjsnjuaTOWW/BKI="
    }
  }
}
