{
  "name": "v2.9.200",
  "version": "1.0.0",
  "lockfileVersion": 1,
  "requires": true,
  "dependencies": {
    "request": {
      "version": "2.9.200",
      "resolved": "http://nexus:8081/repository/npm-group/request/-/request-2.9.200.tgz",
      "integrity": "sha1-zLizQHw0/lRVIqykC3fzGUl4sMY="
    }
  }
}
