{
  "name": "v1.0.0",
  "version": "1.0.0",
  "lockfileVersion": 1,
  "requires": true,
  "dependencies": {
    "pathval": {
      "version": "1.0.0",
      "resolved": "http://nexus:8081/repository/npm-group/pathval/-/pathval-1.0.0.tgz",
      "integrity": "sha1-3YQ91m52ZtMZM3b0R55u5uHSnSg="
    }
  }
}
