{
  "name": "v4.16.3",
  "version": "1.0.0",
  "lockfileVersion": 1,
  "requires": true,
  "dependencies": {
    "lodash": {
      "version": "4.16.3",
      "resolved": "http://nexus:8081/repository/npm-group/lodash/-/lodash-4.16.3.tgz",
      "integrity": "sha1-C6dhQ5UpEnx6OMQ5EUyhU++pmaI="
    }
  }
}
