{
  "name": "v3.9.3",
  "version": "1.0.0",
  "lockfileVersion": 1,
  "requires": true,
  "dependencies": {
    "lodash": {
      "version": "3.9.3",
      "resolved": "http://nexus:8081/repository/npm-group/lodash/-/lodash-3.9.3.tgz",
      "integrity": "sha1-AVnoaDL+/8bWHYUrEqlTuZSWvTI="
    }
  }
}
