{
  "name": "v2.2.0",
  "version": "1.0.0",
  "lockfileVersion": 1,
  "requires": true,
  "dependencies": {
    "lodash": {
      "version": "2.2.0",
      "resolved": "http://nexus:8081/repository/npm-group/lodash/-/lodash-2.2.0.tgz",
      "integrity": "sha1-a9aMwcN6OIXBUhG74dzm1p8B4B0="
    }
  }
}
