{
  "name": "v0.3.3",
  "version": "1.0.0",
  "lockfileVersion": 1,
  "requires": true,
  "dependencies": {
    "deep-extend": {
      "version": "0.3.3",
      "resolved": "http://nexus:8081/repository/npm-group/deep-extend/-/deep-extend-0.3.3.tgz",
      "integrity": "sha1-Lorf5p7VgOoBnOLvqfpfUQbqOcc="
    }
  }
}
