{
  "name": "v9.0.1",
  "version": "1.0.0",
  "lockfileVersion": 1,
  "requires": true,
  "dependencies": {
    "@hapi/hoek": {
      "version": "9.0.1",
      "resolved": "http://nexus:8081/repository/npm-group/@hapi/hoek/-/hoek-9.0.1.tgz",
      "integrity": "sha512-8L2MB67CB90iPDW/PE5rJPE7VFNfxtvHANuaw1GHNV8gAD7xuJPNjMzXxm0k4Y4KsCZYbHMS0g23ppkspt2qHA=="
    }
  }
}
