{
  "name": "v2.1.1-beta1",
  "version": "1.0.0",
  "lockfileVersion": 1,
  "requires": true,
  "dependencies": {
    "jquery": {
      "version": "2.1.1-beta1",
      "resolved": "http://nexus:8081/repository/npm-group/jquery/-/jquery-2.1.1-beta1.tgz",
      "integrity": "sha1-YwbI6h0QR3Xz749cJvCjKs1xChE="
    }
  }
}
