{
  "name": "v2.9.2",
  "version": "1.0.0",
  "lockfileVersion": 1,
  "requires": true,
  "dependencies": {
    "request": {
      "version": "2.9.2",
      "resolved": "http://nexus:8081/repository/npm-group/request/-/request-2.9.2.tgz",
      "integrity": "sha1-XxxObFrQhacT+DEQw9Q7KaFgPCM="
    }
  }
}
