{
  "name": "v6.2.1",
  "version": "1.0.0",
  "lockfileVersion": 1,
  "requires": true,
  "dependencies": {
    "@hapi/hoek": {
      "version": "6.2.1",
      "resolved": "http://nexus:8081/repository/npm-group/@hapi/hoek/-/hoek-6.2.1.tgz",
      "integrity": "sha512-+ryw4GU9pjr1uT6lBuErHJg3NYqzwJTvZ75nKuJijEzpd00Uqi6oiawTGDDf5Hl0zWmI7qHfOtaqB0kpQZJQzA=="
    }
  }
}
