{
  "name": "v1.11.1",
  "version": "1.0.0",
  "lockfileVersion": 1,
  "requires": true,
  "dependencies": {
    "jquery": {
      "version": "1.11.1",
      "resolved": "http://nexus:8081/repository/npm-group/jquery/-/jquery-1.11.1.tgz",
      "integrity": "sha1-tuyShZARLr7Wnh5Jy/0AJczWDds="
    }
  }
}
