{
  "name": "v0.10.0-rc1",
  "version": "1.0.0",
  "lockfileVersion": 1,
  "requires": true,
  "dependencies": {
    "react": {
      "version": "0.10.0-rc1",
      "resolved": "http://nexus:8081/repository/npm-group/react/-/react-0.10.0-rc1.tgz",
      "integrity": "sha1-BMPtgz+3Ikni3Ofe4z9j4PeB4BA="
    }
  }
}
