{
  "name": "v0.1.0",
  "version": "1.0.0",
  "lockfileVersion": 1,
  "requires": true,
  "dependencies": {
    "prop-types": {
      "version": "0.1.0",
      "resolved": "http://nexus:8081/repository/npm-group/prop-types/-/prop-types-0.1.0.tgz",
      "integrity": "sha1-5mS7qnZySCyxVWF91NeyIq/vV6s="
    }
  }
}
