{
  "name": "v9.0.4",
  "version": "1.0.0",
  "lockfileVersion": 1,
  "requires": true,
  "dependencies": {
    "@hapi/hoek": {
      "version": "9.0.4",
      "resolved": "http://nexus:8081/repository/npm-group/@hapi/hoek/-/hoek-9.0.4.tgz",
      "integrity": "sha512-EwaJS7RjoXUZ2cXXKZZxZqieGtc7RbvQhUy8FwDoMQtxWVi14tFjeFCYPZAM1mBCpOpiBpyaZbb9NeHc7eGKgw=="
    }
  }
}
