{
  "name": "v4.17.9",
  "version": "1.0.0",
  "lockfileVersion": 1,
  "requires": true,
  "dependencies": {
    "lodash": {
      "version": "4.17.9",
      "resolved": "http://nexus:8081/repository/npm-group/lodash/-/lodash-4.17.9.tgz",
      "integrity": "sha512-vuRLquvot5sKUldMBumG0YqLvX6m/RGBBOmqb3CWR/MC/QvvD1cTH1fOqxz2FJAQeoExeUdX5Gu9vP2EP6ik+Q=="
    }
  }
}
