{
  "name": "v2.6.6",
  "version": "1.0.0",
  "lockfileVersion": 1,
  "requires": true,
  "dependencies": {
    "debug": {
      "version": "2.6.6",
      "resolved": "http://nexus:8081/repository/npm-group/debug/-/debug-2.6.6.tgz",
      "integrity": "sha1-qfpvvpykPPHnn3O3XAGJy7fW21o=",
      "requires": {
        "ms": "0.7.3"
      }
    },
    "ms": {
      "version": "0.7.3",
      "resolved": "http://nexus:8081/repository/npm-group/ms/-/ms-0.7.3.tgz",
      "integrity": "sha1-cIFVpeROM/X9D8U+gdDUCpG+H/8="
    }
  }
}
