{
  "name": "v8.2.0",
  "version": "1.0.0",
  "lockfileVersion": 1,
  "requires": true,
  "dependencies": {
    "@hapi/hoek": {
      "version": "8.2.0",
      "resolved": "http://nexus:8081/repository/npm-group/@hapi/hoek/-/hoek-8.2.0.tgz",
      "integrity": "sha512-pR2ZgiP562aiaQvQ98WgfqfTrm+xG+7hwHRPEiYZ+7U1OHAAb4OVZJIalCP03bMqYSioQzflzVTVrybSwDBn1Q=="
    }
  }
}
