{
  "name": "v0.1.0",
  "version": "1.0.0",
  "lockfileVersion": 1,
  "requires": true,
  "dependencies": {
    "assign-deep": {
      "version": "0.1.0",
      "resolved": "http://nexus:8081/repository/npm-group/assign-deep/-/assign-deep-0.1.0.tgz",
      "integrity": "sha1-WbWaqImiBmwHnbCLgP+UgqajcCc=",
      "requires": {
        "is-plain-object": "^1.0.0"
      }
    },
    "is-plain-object": {
      "version": "1.0.0",
      "resolved": "http://nexus:8081/repository/npm-group/is-plain-object/-/is-plain-object-1.0.0.tgz",
      "integrity": "sha1-/191LbccMyiv1eaF62rd3T6v+rc=",
      "requires": {
        "isobject": "^0.2.0"
      }
    },
    "isobject": {
      "version": "0.2.0",
      "resolved": "http://nexus:8081/repository/npm-group/isobject/-/isobject-0.2.0.tgz",
      "integrity": "sha1-o0MhkvObkQtfAsyYlIeDbscKqF4="
    }
  }
}
