{
  "name": "v1.9.1",
  "version": "1.0.0",
  "lockfileVersion": 1,
  "requires": true,
  "dependencies": {
    "request": {
      "version": "1.9.1",
      "resolved": "http://nexus:8081/repository/npm-group/request/-/request-1.9.1.tgz",
      "integrity": "sha1-Qo6Cg+h9tiDNMwNnPmLq0r10Ubg="
    }
  }
}
