{
  "name": "v1.9.9",
  "version": "1.0.0",
  "lockfileVersion": 1,
  "requires": true,
  "dependencies": {
    "request": {
      "version": "1.9.9",
      "resolved": "http://nexus:8081/repository/npm-group/request/-/request-1.9.9.tgz",
      "integrity": "sha1-ryMf6H43JaXbRv90gz86oOv9kVE="
    }
  }
}
