{
  "name": "v9.0.2",
  "version": "1.0.0",
  "lockfileVersion": 1,
  "requires": true,
  "dependencies": {
    "@hapi/hoek": {
      "version": "9.0.2",
      "resolved": "http://nexus:8081/repository/npm-group/@hapi/hoek/-/hoek-9.0.2.tgz",
      "integrity": "sha512-LyibKv2QnD9BPI5g2L+g85yiIPv3ajYpENGFgy4u0xCLPhXWG1Zdx29neSB8sgX0/wz6k5TMjHzTwJ6+DaBYOA=="
    }
  }
}
