{
  "name": "v1.1.2",
  "version": "1.0.0",
  "lockfileVersion": 1,
  "requires": true,
  "dependencies": {
    "for-in": {
      "version": "0.1.8",
      "resolved": "http://nexus:8081/repository/npm-group/for-in/-/for-in-0.1.8.tgz",
      "integrity": "sha1-2Hc5COMSVhCZUrH9ubP6hn0ndeE="
    },
    "is-extendable": {
      "version": "0.1.1",
      "resolved": "http://nexus:8081/repository/npm-group/is-extendable/-/is-extendable-0.1.1.tgz",
      "integrity": "sha1-YrEQ4omkcUGOPsNqYX1HLjAd/Ik="
    },
    "lazy-cache": {
      "version": "0.2.7",
      "resolved": "http://nexus:8081/repository/npm-group/lazy-cache/-/lazy-cache-0.2.7.tgz",
      "integrity": "sha1-f+3fLctu23fRHvHRF6tf/fCrG2U="
    },
    "mixin-deep": {
      "version": "1.1.2",
      "resolved": "http://nexus:8081/repository/npm-group/mixin-deep/-/mixin-deep-1.1.2.tgz",
      "integrity": "sha1-nMIaxzRqzhiaVe3gLIJbNplaEVE=",
      "requires": {
        "for-in": "^0.1.4",
        "is-extendable": "^0.1.1",
        "lazy-cache": "^0.2.3"
      }
    }
  }
}
