{
  "name": "v8.2.3",
  "version": "1.0.0",
  "lockfileVersion": 1,
  "requires": true,
  "dependencies": {
    "@hapi/hoek": {
      "version": "8.2.3",
      "resolved": "http://nexus:8081/repository/npm-group/@hapi/hoek/-/hoek-8.2.3.tgz",
      "integrity": "sha512-rvgNiuJU19K/YmVJ4nvDPstqs2C7NSA1+ApAFgTSVvfGahzlwRqu0S0dnyWEDhEvgO40E5phUyZi/MZ6vEUKcQ=="
    }
  }
}
