{
  "name": "v2.0.0",
  "version": "1.0.0",
  "lockfileVersion": 1,
  "requires": true,
  "dependencies": {
    "is-plain-obj": {
      "version": "2.1.0",
      "resolved": "http://nexus:8081/repository/npm-group/is-plain-obj/-/is-plain-obj-2.1.0.tgz",
      "integrity": "sha512-YWnfyRwxL/+SsrWYfOpUtz5b3YD+nyfkHvjbcanzk8zgyO4ASD67uVMRt8k5bM4lLMDnXfriRhOpemw+NfT1eA=="
    },
    "merge-options": {
      "version": "2.0.0",
      "resolved": "http://nexus:8081/repository/npm-group/merge-options/-/merge-options-2.0.0.tgz",
      "integrity": "sha512-S7xYIeWHl2ZUKF7SDeBhGg6rfv5bKxVBdk95s/I7wVF8d+hjLSztJ/B271cnUiF6CAFduEQ5Zn3HYwAjT16DlQ==",
      "requires": {
        "is-plain-obj": "^2.0.0"
      }
    }
  }
}
