{
  "name": "v1.2.0",
  "version": "1.0.0",
  "lockfileVersion": 1,
  "requires": true,
  "dependencies": {
    "request": {
      "version": "1.2.0",
      "resolved": "http://nexus:8081/repository/npm-group/request/-/request-1.2.0.tgz",
      "integrity": "sha1-9LdK0u3WjHd71kD/x0c3qg/+W7o="
    }
  }
}
