{
  "name": "v1.0.1",
  "version": "1.0.0",
  "lockfileVersion": 1,
  "requires": true,
  "dependencies": {
    "dot-prop": {
      "version": "1.0.1",
      "resolved": "http://nexus:8081/repository/npm-group/dot-prop/-/dot-prop-1.0.1.tgz",
      "integrity": "sha1-v/fE7HEI77PIy1uH9LFCaCGzITk="
    }
  }
}
