{
  "name": "v0.9.1",
  "version": "1.0.0",
  "lockfileVersion": 1,
  "requires": true,
  "dependencies": {
    "lodash": {
      "version": "0.9.1",
      "resolved": "http://nexus:8081/repository/npm-group/lodash/-/lodash-0.9.1.tgz",
      "integrity": "sha1-kAnfAObjFmk1MSs6Pt/Z3/BuNWI="
    }
  }
}
