{
  "name": "v8.1.0",
  "version": "1.0.0",
  "lockfileVersion": 1,
  "requires": true,
  "dependencies": {
    "@hapi/hoek": {
      "version": "8.1.0",
      "resolved": "http://nexus:8081/repository/npm-group/@hapi/hoek/-/hoek-8.1.0.tgz",
      "integrity": "sha512-b1J4jxYnW+n6lC91V6Pqg9imP9BZq0HNCeM+3sbXg05rQsE9cGYrKFpZjyztVesGmNRE6R+QaEoWGATeIiUVjA=="
    }
  }
}
