{
  "name": "v8.3.1",
  "version": "1.0.0",
  "lockfileVersion": 1,
  "requires": true,
  "dependencies": {
    "@hapi/hoek": {
      "version": "8.3.1",
      "resolved": "http://nexus:8081/repository/npm-group/@hapi/hoek/-/hoek-8.3.1.tgz",
      "integrity": "sha512-75ocgnI7HG/I01iGA3/rs0y6PXydUA/kxhFZM0HoT8NLSTnt/J8Gq03iKl4a4B/2A3iMG0ctXtxr5Hg9SGr1gw=="
    }
  }
}
